// !$*UTF8*$!
{
	archiveVersion = 1;
	classes = {
	};
	objectVersion = 45;
	objects = {

/* Begin PBXBuildFile section */
		8D5B49B0048680CD000E48DA /* InfoPlist.strings in Resources */ = {isa = PBXBuildFile; fileRef = 089C167DFE841241C02AAC07 /* InfoPlist.strings */; };
		8D5B49B4048680CD000E48DA /* Cocoa.framework in Frameworks */ = {isa = PBXBuildFile; fileRef = 1058C7ADFEA557BF11CA2CBB /* Cocoa.framework */; };
		B92D1F45125E1A3100DBF69D /* NSAttributedString+AdditionalCreationMethods.m in Sources */ = {isa = PBXBuildFile; fileRef = B92D1F44125E1A3100DBF69D /* NSAttributedString+AdditionalCreationMethods.m */; };
		B92D1F48125E1A7C00DBF69D /* SmartPlurkingPlugin.m in Sources */ = {isa = PBXBuildFile; fileRef = B92D1F47125E1A7C00DBF69D /* SmartPlurkingPlugin.m */; };
		B92D1F4F125E1B0F00DBF69D /* BaseFilter.m in Sources */ = {isa = PBXBuildFile; fileRef = B92D1F4A125E1B0F00DBF69D /* BaseFilter.m */; };
		B92D1F50125E1B0F00DBF69D /* InFilter.m in Sources */ = {isa = PBXBuildFile; fileRef = B92D1F4C125E1B0F00DBF69D /* InFilter.m */; };
		B92D1F51125E1B0F00DBF69D /* OutFilter.m in Sources */ = {isa = PBXBuildFile; fileRef = B92D1F4E125E1B0F00DBF69D /* OutFilter.m */; };
		B92D2035125E2D0C00DBF69D /* OnigRegexp.m in Sources */ = {isa = PBXBuildFile; fileRef = B92D2032125E2D0C00DBF69D /* OnigRegexp.m */; };
		B92D2036125E2D0C00DBF69D /* OnigRegexpUtility.m in Sources */ = {isa = PBXBuildFile; fileRef = B92D2034125E2D0C00DBF69D /* OnigRegexpUtility.m */; };
		B92D2047125E2D2900DBF69D /* regcomp.c in Sources */ = {isa = PBXBuildFile; fileRef = B92D2039125E2D2900DBF69D /* regcomp.c */; };
		B92D2048125E2D2900DBF69D /* regenc.c in Sources */ = {isa = PBXBuildFile; fileRef = B92D203A125E2D2900DBF69D /* regenc.c */; };
		B92D2049125E2D2900DBF69D /* regerror.c in Sources */ = {isa = PBXBuildFile; fileRef = B92D203C125E2D2900DBF69D /* regerror.c */; };
		B92D204A125E2D2900DBF69D /* regexec.c in Sources */ = {isa = PBXBuildFile; fileRef = B92D203D125E2D2900DBF69D /* regexec.c */; };
		B92D204B125E2D2900DBF69D /* regext.c in Sources */ = {isa = PBXBuildFile; fileRef = B92D203E125E2D2900DBF69D /* regext.c */; };
		B92D204C125E2D2900DBF69D /* regparse.c in Sources */ = {isa = PBXBuildFile; fileRef = B92D2040125E2D2900DBF69D /* regparse.c */; };
		B92D204D125E2D2900DBF69D /* regsyntax.c in Sources */ = {isa = PBXBuildFile; fileRef = B92D2042125E2D2900DBF69D /* regsyntax.c */; };
		B92D204E125E2D2900DBF69D /* regtrav.c in Sources */ = {isa = PBXBuildFile; fileRef = B92D2043125E2D2900DBF69D /* regtrav.c */; };
		B92D204F125E2D2900DBF69D /* regversion.c in Sources */ = {isa = PBXBuildFile; fileRef = B92D2044125E2D2900DBF69D /* regversion.c */; };
		B92D2050125E2D2900DBF69D /* st.c in Sources */ = {isa = PBXBuildFile; fileRef = B92D2045125E2D2900DBF69D /* st.c */; };
		B92D2054125E2D3900DBF69D /* ascii.c in Sources */ = {isa = PBXBuildFile; fileRef = B92D2051125E2D3900DBF69D /* ascii.c */; };
		B92D2055125E2D3900DBF69D /* unicode.c in Sources */ = {isa = PBXBuildFile; fileRef = B92D2052125E2D3900DBF69D /* unicode.c */; };
		B92D2056125E2D3900DBF69D /* utf16_le.c in Sources */ = {isa = PBXBuildFile; fileRef = B92D2053125E2D3900DBF69D /* utf16_le.c */; };
/* End PBXBuildFile section */

/* Begin PBXFileReference section */
		089C1672FE841209C02AAC07 /* Foundation.framework */ = {isa = PBXFileReference; lastKnownFileType = wrapper.framework; name = Foundation.framework; path = /System/Library/Frameworks/Foundation.framework; sourceTree = "<absolute>"; };
		089C167EFE841241C02AAC07 /* English */ = {isa = PBXFileReference; fileEncoding = 10; lastKnownFileType = text.plist.strings; name = English; path = English.lproj/InfoPlist.strings; sourceTree = "<group>"; };
		089C167FFE841241C02AAC07 /* AppKit.framework */ = {isa = PBXFileReference; lastKnownFileType = wrapper.framework; name = AppKit.framework; path = /System/Library/Frameworks/AppKit.framework; sourceTree = "<absolute>"; };
		1058C7ADFEA557BF11CA2CBB /* Cocoa.framework */ = {isa = PBXFileReference; lastKnownFileType = wrapper.framework; name = Cocoa.framework; path = /System/Library/Frameworks/Cocoa.framework; sourceTree = "<absolute>"; };
		32DBCF630370AF2F00C91783 /* SmartPlurking_Prefix.pch */ = {isa = PBXFileReference; fileEncoding = 4; lastKnownFileType = sourcecode.c.h; path = SmartPlurking_Prefix.pch; sourceTree = "<group>"; };
		8D5B49B6048680CD000E48DA /* SmartPlurking.AdiumPlugin */ = {isa = PBXFileReference; explicitFileType = wrapper.cfbundle; includeInIndex = 0; path = SmartPlurking.AdiumPlugin; sourceTree = BUILT_PRODUCTS_DIR; };
		8D5B49B7048680CD000E48DA /* Info.plist */ = {isa = PBXFileReference; fileEncoding = 4; lastKnownFileType = text.plist.xml; path = Info.plist; sourceTree = "<group>"; };
		B92D1F43125E1A3100DBF69D /* NSAttributedString+AdditionalCreationMethods.h */ = {isa = PBXFileReference; fileEncoding = 4; lastKnownFileType = sourcecode.c.h; name = "NSAttributedString+AdditionalCreationMethods.h"; path = "Classes/NSAttributedString+AdditionalCreationMethods.h"; sourceTree = "<group>"; };
		B92D1F44125E1A3100DBF69D /* NSAttributedString+AdditionalCreationMethods.m */ = {isa = PBXFileReference; fileEncoding = 4; lastKnownFileType = sourcecode.c.objc; name = "NSAttributedString+AdditionalCreationMethods.m"; path = "Classes/NSAttributedString+AdditionalCreationMethods.m"; sourceTree = "<group>"; };
		B92D1F46125E1A7C00DBF69D /* SmartPlurkingPlugin.h */ = {isa = PBXFileReference; fileEncoding = 4; lastKnownFileType = sourcecode.c.h; name = SmartPlurkingPlugin.h; path = Classes/SmartPlurkingPlugin.h; sourceTree = "<group>"; };
		B92D1F47125E1A7C00DBF69D /* SmartPlurkingPlugin.m */ = {isa = PBXFileReference; fileEncoding = 4; lastKnownFileType = sourcecode.c.objc; name = SmartPlurkingPlugin.m; path = Classes/SmartPlurkingPlugin.m; sourceTree = "<group>"; };
		B92D1F49125E1B0F00DBF69D /* BaseFilter.h */ = {isa = PBXFileReference; fileEncoding = 4; lastKnownFileType = sourcecode.c.h; name = BaseFilter.h; path = Classes/BaseFilter.h; sourceTree = "<group>"; };
		B92D1F4A125E1B0F00DBF69D /* BaseFilter.m */ = {isa = PBXFileReference; fileEncoding = 4; lastKnownFileType = sourcecode.c.objc; name = BaseFilter.m; path = Classes/BaseFilter.m; sourceTree = "<group>"; };
		B92D1F4B125E1B0F00DBF69D /* InFilter.h */ = {isa = PBXFileReference; fileEncoding = 4; lastKnownFileType = sourcecode.c.h; name = InFilter.h; path = Classes/InFilter.h; sourceTree = "<group>"; };
		B92D1F4C125E1B0F00DBF69D /* InFilter.m */ = {isa = PBXFileReference; fileEncoding = 4; lastKnownFileType = sourcecode.c.objc; name = InFilter.m; path = Classes/InFilter.m; sourceTree = "<group>"; };
		B92D1F4D125E1B0F00DBF69D /* OutFilter.h */ = {isa = PBXFileReference; fileEncoding = 4; lastKnownFileType = sourcecode.c.h; name = OutFilter.h; path = Classes/OutFilter.h; sourceTree = "<group>"; };
		B92D1F4E125E1B0F00DBF69D /* OutFilter.m */ = {isa = PBXFileReference; fileEncoding = 4; lastKnownFileType = sourcecode.c.objc; name = OutFilter.m; path = Classes/OutFilter.m; sourceTree = "<group>"; };
		B92D2031125E2D0C00DBF69D /* OnigRegexp.h */ = {isa = PBXFileReference; fileEncoding = 4; lastKnownFileType = sourcecode.c.h; name = OnigRegexp.h; path = Classes/CocoaOniguruma/OnigRegexp.h; sourceTree = "<group>"; };
		B92D2032125E2D0C00DBF69D /* OnigRegexp.m */ = {isa = PBXFileReference; fileEncoding = 4; lastKnownFileType = sourcecode.c.objc; name = OnigRegexp.m; path = Classes/CocoaOniguruma/OnigRegexp.m; sourceTree = "<group>"; };
		B92D2033125E2D0C00DBF69D /* OnigRegexpUtility.h */ = {isa = PBXFileReference; fileEncoding = 4; lastKnownFileType = sourcecode.c.h; name = OnigRegexpUtility.h; path = Classes/CocoaOniguruma/OnigRegexpUtility.h; sourceTree = "<group>"; };
		B92D2034125E2D0C00DBF69D /* OnigRegexpUtility.m */ = {isa = PBXFileReference; fileEncoding = 4; lastKnownFileType = sourcecode.c.objc; name = OnigRegexpUtility.m; path = Classes/CocoaOniguruma/OnigRegexpUtility.m; sourceTree = "<group>"; };
		B92D2037125E2D1E00DBF69D /* config.h */ = {isa = PBXFileReference; fileEncoding = 4; lastKnownFileType = sourcecode.c.h; name = config.h; path = Classes/CocoaOniguruma/oniguruma/config.h; sourceTree = "<group>"; };
		B92D2038125E2D2900DBF69D /* oniguruma.h */ = {isa = PBXFileReference; fileEncoding = 4; lastKnownFileType = sourcecode.c.h; name = oniguruma.h; path = Classes/CocoaOniguruma/oniguruma/oniguruma.h; sourceTree = "<group>"; };
		B92D2039125E2D2900DBF69D /* regcomp.c */ = {isa = PBXFileReference; fileEncoding = 4; lastKnownFileType = sourcecode.c.c; name = regcomp.c; path = Classes/CocoaOniguruma/oniguruma/regcomp.c; sourceTree = "<group>"; };
		B92D203A125E2D2900DBF69D /* regenc.c */ = {isa = PBXFileReference; fileEncoding = 4; lastKnownFileType = sourcecode.c.c; name = regenc.c; path = Classes/CocoaOniguruma/oniguruma/regenc.c; sourceTree = "<group>"; };
		B92D203B125E2D2900DBF69D /* regenc.h */ = {isa = PBXFileReference; fileEncoding = 4; lastKnownFileType = sourcecode.c.h; name = regenc.h; path = Classes/CocoaOniguruma/oniguruma/regenc.h; sourceTree = "<group>"; };
		B92D203C125E2D2900DBF69D /* regerror.c */ = {isa = PBXFileReference; fileEncoding = 4; lastKnownFileType = sourcecode.c.c; name = regerror.c; path = Classes/CocoaOniguruma/oniguruma/regerror.c; sourceTree = "<group>"; };
		B92D203D125E2D2900DBF69D /* regexec.c */ = {isa = PBXFileReference; fileEncoding = 4; lastKnownFileType = sourcecode.c.c; name = regexec.c; path = Classes/CocoaOniguruma/oniguruma/regexec.c; sourceTree = "<group>"; };
		B92D203E125E2D2900DBF69D /* regext.c */ = {isa = PBXFileReference; fileEncoding = 4; lastKnownFileType = sourcecode.c.c; name = regext.c; path = Classes/CocoaOniguruma/oniguruma/regext.c; sourceTree = "<group>"; };
		B92D203F125E2D2900DBF69D /* regint.h */ = {isa = PBXFileReference; fileEncoding = 4; lastKnownFileType = sourcecode.c.h; name = regint.h; path = Classes/CocoaOniguruma/oniguruma/regint.h; sourceTree = "<group>"; };
		B92D2040125E2D2900DBF69D /* regparse.c */ = {isa = PBXFileReference; fileEncoding = 4; lastKnownFileType = sourcecode.c.c; name = regparse.c; path = Classes/CocoaOniguruma/oniguruma/regparse.c; sourceTree = "<group>"; };
		B92D2041125E2D2900DBF69D /* regparse.h */ = {isa = PBXFileReference; fileEncoding = 4; lastKnownFileType = sourcecode.c.h; name = regparse.h; path = Classes/CocoaOniguruma/oniguruma/regparse.h; sourceTree = "<group>"; };
		B92D2042125E2D2900DBF69D /* regsyntax.c */ = {isa = PBXFileReference; fileEncoding = 4; lastKnownFileType = sourcecode.c.c; name = regsyntax.c; path = Classes/CocoaOniguruma/oniguruma/regsyntax.c; sourceTree = "<group>"; };
		B92D2043125E2D2900DBF69D /* regtrav.c */ = {isa = PBXFileReference; fileEncoding = 4; lastKnownFileType = sourcecode.c.c; name = regtrav.c; path = Classes/CocoaOniguruma/oniguruma/regtrav.c; sourceTree = "<group>"; };
		B92D2044125E2D2900DBF69D /* regversion.c */ = {isa = PBXFileReference; fileEncoding = 4; lastKnownFileType = sourcecode.c.c; name = regversion.c; path = Classes/CocoaOniguruma/oniguruma/regversion.c; sourceTree = "<group>"; };
		B92D2045125E2D2900DBF69D /* st.c */ = {isa = PBXFileReference; fileEncoding = 4; lastKnownFileType = sourcecode.c.c; name = st.c; path = Classes/CocoaOniguruma/oniguruma/st.c; sourceTree = "<group>"; };
		B92D2046125E2D2900DBF69D /* st.h */ = {isa = PBXFileReference; fileEncoding = 4; lastKnownFileType = sourcecode.c.h; name = st.h; path = Classes/CocoaOniguruma/oniguruma/st.h; sourceTree = "<group>"; };
		B92D2051125E2D3900DBF69D /* ascii.c */ = {isa = PBXFileReference; fileEncoding = 4; lastKnownFileType = sourcecode.c.c; name = ascii.c; path = Classes/CocoaOniguruma/oniguruma/enc/ascii.c; sourceTree = "<group>"; };
		B92D2052125E2D3900DBF69D /* unicode.c */ = {isa = PBXFileReference; fileEncoding = 4; lastKnownFileType = sourcecode.c.c; name = unicode.c; path = Classes/CocoaOniguruma/oniguruma/enc/unicode.c; sourceTree = "<group>"; };
		B92D2053125E2D3900DBF69D /* utf16_le.c */ = {isa = PBXFileReference; fileEncoding = 4; lastKnownFileType = sourcecode.c.c; name = utf16_le.c; path = Classes/CocoaOniguruma/oniguruma/enc/utf16_le.c; sourceTree = "<group>"; };
		D2F7E65807B2D6F200F64583 /* CoreData.framework */ = {isa = PBXFileReference; lastKnownFileType = wrapper.framework; name = CoreData.framework; path = /System/Library/Frameworks/CoreData.framework; sourceTree = "<absolute>"; };
/* End PBXFileReference section */

/* Begin PBXFrameworksBuildPhase section */
		8D5B49B3048680CD000E48DA /* Frameworks */ = {
			isa = PBXFrameworksBuildPhase;
			buildActionMask = 2147483647;
			files = (
				8D5B49B4048680CD000E48DA /* Cocoa.framework in Frameworks */,
			);
			runOnlyForDeploymentPostprocessing = 0;
		};
/* End PBXFrameworksBuildPhase section */

/* Begin PBXGroup section */
		089C166AFE841209C02AAC07 /* SmartPlurking */ = {
			isa = PBXGroup;
			children = (
				08FB77AFFE84173DC02AAC07 /* Classes */,
				32C88E010371C26100C91783 /* Other Sources */,
				089C167CFE841241C02AAC07 /* Resources */,
				089C1671FE841209C02AAC07 /* Frameworks and Libraries */,
				19C28FB8FE9D52D311CA2CBB /* Products */,
			);
			name = SmartPlurking;
			sourceTree = "<group>";
		};
		089C1671FE841209C02AAC07 /* Frameworks and Libraries */ = {
			isa = PBXGroup;
			children = (
				1058C7ACFEA557BF11CA2CBB /* Linked Frameworks */,
				1058C7AEFEA557BF11CA2CBB /* Other Frameworks */,
			);
			name = "Frameworks and Libraries";
			sourceTree = "<group>";
		};
		089C167CFE841241C02AAC07 /* Resources */ = {
			isa = PBXGroup;
			children = (
				8D5B49B7048680CD000E48DA /* Info.plist */,
				089C167DFE841241C02AAC07 /* InfoPlist.strings */,
			);
			name = Resources;
			sourceTree = "<group>";
		};
		08FB77AFFE84173DC02AAC07 /* Classes */ = {
			isa = PBXGroup;
			children = (
				B92D2030125E2CF600DBF69D /* CocoaOniguruma */,
				B92D1F49125E1B0F00DBF69D /* BaseFilter.h */,
				B92D1F4A125E1B0F00DBF69D /* BaseFilter.m */,
				B92D1F4B125E1B0F00DBF69D /* InFilter.h */,
				B92D1F4C125E1B0F00DBF69D /* InFilter.m */,
				B92D1F4D125E1B0F00DBF69D /* OutFilter.h */,
				B92D1F4E125E1B0F00DBF69D /* OutFilter.m */,
				B92D1F46125E1A7C00DBF69D /* SmartPlurkingPlugin.h */,
				B92D1F47125E1A7C00DBF69D /* SmartPlurkingPlugin.m */,
				B92D1F43125E1A3100DBF69D /* NSAttributedString+AdditionalCreationMethods.h */,
				B92D1F44125E1A3100DBF69D /* NSAttributedString+AdditionalCreationMethods.m */,
			);
			name = Classes;
			sourceTree = "<group>";
		};
		1058C7ACFEA557BF11CA2CBB /* Linked Frameworks */ = {
			isa = PBXGroup;
			children = (
				1058C7ADFEA557BF11CA2CBB /* Cocoa.framework */,
			);
			name = "Linked Frameworks";
			sourceTree = "<group>";
		};
		1058C7AEFEA557BF11CA2CBB /* Other Frameworks */ = {
			isa = PBXGroup;
			children = (
				089C167FFE841241C02AAC07 /* AppKit.framework */,
				D2F7E65807B2D6F200F64583 /* CoreData.framework */,
				089C1672FE841209C02AAC07 /* Foundation.framework */,
			);
			name = "Other Frameworks";
			sourceTree = "<group>";
		};
		19C28FB8FE9D52D311CA2CBB /* Products */ = {
			isa = PBXGroup;
			children = (
				8D5B49B6048680CD000E48DA /* SmartPlurking.AdiumPlugin */,
			);
			name = Products;
			sourceTree = "<group>";
		};
		32C88E010371C26100C91783 /* Other Sources */ = {
			isa = PBXGroup;
			children = (
				32DBCF630370AF2F00C91783 /* SmartPlurking_Prefix.pch */,
			);
			name = "Other Sources";
			sourceTree = "<group>";
		};
		B92D2030125E2CF600DBF69D /* CocoaOniguruma */ = {
			isa = PBXGroup;
			children = (
				B92D2051125E2D3900DBF69D /* ascii.c */,
				B92D2052125E2D3900DBF69D /* unicode.c */,
				B92D2053125E2D3900DBF69D /* utf16_le.c */,
				B92D2038125E2D2900DBF69D /* oniguruma.h */,
				B92D2039125E2D2900DBF69D /* regcomp.c */,
				B92D203A125E2D2900DBF69D /* regenc.c */,
				B92D203B125E2D2900DBF69D /* regenc.h */,
				B92D203C125E2D2900DBF69D /* regerror.c */,
				B92D203D125E2D2900DBF69D /* regexec.c */,
				B92D203E125E2D2900DBF69D /* regext.c */,
				B92D203F125E2D2900DBF69D /* regint.h */,
				B92D2040125E2D2900DBF69D /* regparse.c */,
				B92D2041125E2D2900DBF69D /* regparse.h */,
				B92D2042125E2D2900DBF69D /* regsyntax.c */,
				B92D2043125E2D2900DBF69D /* regtrav.c */,
				B92D2044125E2D2900DBF69D /* regversion.c */,
				B92D2045125E2D2900DBF69D /* st.c */,
				B92D2046125E2D2900DBF69D /* st.h */,
				B92D2037125E2D1E00DBF69D /* config.h */,
				B92D2031125E2D0C00DBF69D /* OnigRegexp.h */,
				B92D2032125E2D0C00DBF69D /* OnigRegexp.m */,
				B92D2033125E2D0C00DBF69D /* OnigRegexpUtility.h */,
				B92D2034125E2D0C00DBF69D /* OnigRegexpUtility.m */,
			);
			name = CocoaOniguruma;
			sourceTree = "<group>";
		};
/* End PBXGroup section */

/* Begin PBXNativeTarget section */
		8D5B49AC048680CD000E48DA /* SmartPlurking */ = {
			isa = PBXNativeTarget;
			buildConfigurationList = 1DEB913A08733D840010E9CD /* Build configuration list for PBXNativeTarget "SmartPlurking" */;
			buildPhases = (
				8D5B49AF048680CD000E48DA /* Resources */,
				8D5B49B1048680CD000E48DA /* Sources */,
				8D5B49B3048680CD000E48DA /* Frameworks */,
			);
			buildRules = (
			);
			dependencies = (
			);
			name = SmartPlurking;
			productInstallPath = "$(HOME)/Library/Bundles";
			productName = SmartPlurking;
			productReference = 8D5B49B6048680CD000E48DA /* SmartPlurking.AdiumPlugin */;
			productType = "com.apple.product-type.bundle";
		};
/* End PBXNativeTarget section */

/* Begin PBXProject section */
		089C1669FE841209C02AAC07 /* Project object */ = {
			isa = PBXProject;
			buildConfigurationList = 1DEB913E08733D840010E9CD /* Build configuration list for PBXProject "SmartPlurking" */;
			compatibilityVersion = "Xcode 3.1";
			hasScannedForEncodings = 1;
			mainGroup = 089C166AFE841209C02AAC07 /* SmartPlurking */;
			projectDirPath = "";
			projectRoot = "";
			targets = (
				8D5B49AC048680CD000E48DA /* SmartPlurking */,
			);
		};
/* End PBXProject section */

/* Begin PBXResourcesBuildPhase section */
		8D5B49AF048680CD000E48DA /* Resources */ = {
			isa = PBXResourcesBuildPhase;
			buildActionMask = 2147483647;
			files = (
				8D5B49B0048680CD000E48DA /* InfoPlist.strings in Resources */,
			);
			runOnlyForDeploymentPostprocessing = 0;
		};
/* End PBXResourcesBuildPhase section */

/* Begin PBXSourcesBuildPhase section */
		8D5B49B1048680CD000E48DA /* Sources */ = {
			isa = PBXSourcesBuildPhase;
			buildActionMask = 2147483647;
			files = (
				B92D1F45125E1A3100DBF69D /* NSAttributedString+AdditionalCreationMethods.m in Sources */,
				B92D1F48125E1A7C00DBF69D /* SmartPlurkingPlugin.m in Sources */,
				B92D1F4F125E1B0F00DBF69D /* BaseFilter.m in Sources */,
				B92D1F50125E1B0F00DBF69D /* InFilter.m in Sources */,
				B92D1F51125E1B0F00DBF69D /* OutFilter.m in Sources */,
				B92D2035125E2D0C00DBF69D /* OnigRegexp.m in Sources */,
				B92D2036125E2D0C00DBF69D /* OnigRegexpUtility.m in Sources */,
				B92D2047125E2D2900DBF69D /* regcomp.c in Sources */,
				B92D2048125E2D2900DBF69D /* regenc.c in Sources */,
				B92D2049125E2D2900DBF69D /* regerror.c in Sources */,
				B92D204A125E2D2900DBF69D /* regexec.c in Sources */,
				B92D204B125E2D2900DBF69D /* regext.c in Sources */,
				B92D204C125E2D2900DBF69D /* regparse.c in Sources */,
				B92D204D125E2D2900DBF69D /* regsyntax.c in Sources */,
				B92D204E125E2D2900DBF69D /* regtrav.c in Sources */,
				B92D204F125E2D2900DBF69D /* regversion.c in Sources */,
				B92D2050125E2D2900DBF69D /* st.c in Sources */,
				B92D2054125E2D3900DBF69D /* ascii.c in Sources */,
				B92D2055125E2D3900DBF69D /* unicode.c in Sources */,
				B92D2056125E2D3900DBF69D /* utf16_le.c in Sources */,
			);
			runOnlyForDeploymentPostprocessing = 0;
		};
/* End PBXSourcesBuildPhase section */

/* Begin PBXVariantGroup section */
		089C167DFE841241C02AAC07 /* InfoPlist.strings */ = {
			isa = PBXVariantGroup;
			children = (
				089C167EFE841241C02AAC07 /* English */,
			);
			name = InfoPlist.strings;
			sourceTree = "<group>";
		};
/* End PBXVariantGroup section */

/* Begin XCBuildConfiguration section */
		1DEB913B08733D840010E9CD /* Debug */ = {
			isa = XCBuildConfiguration;
			buildSettings = {
				ALWAYS_SEARCH_USER_PATHS = NO;
				COPY_PHASE_STRIP = NO;
				FRAMEWORK_SEARCH_PATHS = (
					"$(inherited)",
					"\"$(SRCROOT)/../../../work/adium/adium-1.3.10/build/Deployment\"",
					"\"$(SRCROOT)/Frameworks\"",
					"\"$(SRCROOT)/../../../work/oc/cocoaoniguruma/framework/build/Release\"",
				);
				GCC_DYNAMIC_NO_PIC = NO;
				GCC_ENABLE_FIX_AND_CONTINUE = YES;
				GCC_MODEL_TUNING = G5;
				GCC_OPTIMIZATION_LEVEL = 0;
				GCC_PRECOMPILE_PREFIX_HEADER = YES;
				GCC_PREFIX_HEADER = SmartPlurking_Prefix.pch;
				GCC_PREPROCESSOR_DEFINITIONS = DEBUG;
				INFOPLIST_FILE = Info.plist;
				INSTALL_PATH = "$(HOME)/Library/Bundles";
				OTHER_LDFLAGS = (
					"-undefined",
					dynamic_lookup,
				);
				PRODUCT_NAME = SmartPlurking;
				WRAPPER_EXTENSION = AdiumPlugin;
			};
			name = Debug;
		};
		1DEB913C08733D840010E9CD /* Release */ = {
			isa = XCBuildConfiguration;
			buildSettings = {
				ALWAYS_SEARCH_USER_PATHS = NO;
				DEBUG_INFORMATION_FORMAT = "dwarf-with-dsym";
				FRAMEWORK_SEARCH_PATHS = (
					"$(inherited)",
					"\"$(SRCROOT)/../../../work/adium/adium-1.3.10/build/Deployment\"",
					"\"$(SRCROOT)/Frameworks\"",
					"\"$(SRCROOT)/../../../work/oc/cocoaoniguruma/framework/build/Release\"",
				);
				GCC_MODEL_TUNING = G5;
				GCC_PRECOMPILE_PREFIX_HEADER = YES;
				GCC_PREFIX_HEADER = SmartPlurking_Prefix.pch;
				INFOPLIST_FILE = Info.plist;
				INSTALL_PATH = "$(HOME)/Library/Bundles";
				OTHER_LDFLAGS = (
					"-undefined",
					dynamic_lookup,
				);
				PRODUCT_NAME = SmartPlurking;
				WRAPPER_EXTENSION = AdiumPlugin;
			};
			name = Release;
		};
		1DEB913F08733D840010E9CD /* Debug */ = {
			isa = XCBuildConfiguration;
			buildSettings = {
				ARCHS = "$(ARCHS_STANDARD_32_BIT)";
				GCC_C_LANGUAGE_STANDARD = c99;
				GCC_OPTIMIZATION_LEVEL = 0;
				GCC_WARN_ABOUT_RETURN_TYPE = YES;
				GCC_WARN_UNUSED_VARIABLE = YES;
				ONLY_ACTIVE_ARCH = YES;
				PREBINDING = NO;
				SDKROOT = macosx10.5;
			};
			name = Debug;
		};
		1DEB914008733D840010E9CD /* Release */ = {
			isa = XCBuildConfiguration;
			buildSettings = {
				ARCHS = "$(ARCHS_STANDARD_32_BIT)";
				GCC_C_LANGUAGE_STANDARD = c99;
				GCC_WARN_ABOUT_RETURN_TYPE = YES;
				GCC_WARN_UNUSED_VARIABLE = YES;
				PREBINDING = NO;
				SDKROOT = macosx10.5;
			};
			name = Release;
		};
/* End XCBuildConfiguration section */

/* Begin XCConfigurationList section */
		1DEB913A08733D840010E9CD /* Build configuration list for PBXNativeTarget "SmartPlurking" */ = {
			isa = XCConfigurationList;
			buildConfigurations = (
				1DEB913B08733D840010E9CD /* Debug */,
				1DEB913C08733D840010E9CD /* Release */,
			);
			defaultConfigurationIsVisible = 0;
			defaultConfigurationName = Release;
		};
		1DEB913E08733D840010E9CD /* Build configuration list for PBXProject "SmartPlurking" */ = {
			isa = XCConfigurationList;
			buildConfigurations = (
				1DEB913F08733D840010E9CD /* Debug */,
				1DEB914008733D840010E9CD /* Release */,
			);
			defaultConfigurationIsVisible = 0;
			defaultConfigurationName = Release;
		};
/* End XCConfigurationList section */
	};
	rootObject = 089C1669FE841209C02AAC07 /* Project object */;
}
